{
    "name": "by-blog",
    "version": "1.7.0",
    "lockfileVersion": 1,
    "requires": true,
    "dependencies": {
        "bundle": {
            "version": "2.1.0",
            "resolved": "https://registry.npmmirror.com/bundle/download/bundle-2.1.0.tgz",
            "integrity": "sha1-q0fMxI62iPcG5uzTI9AdtoVKol4="
        },
        "jekyll": {
            "version": "3.0.0-beta1",
            "resolved": "https://registry.npmmirror.com/jekyll/download/jekyll-3.0.0-beta1.tgz",
            "integrity": "sha1-MnSfAwBM/yF78pmI9uRCBgZHn/k="
        }
    }
}
